
Microsoft Visual Studio Solution File, Format Version 12.00
# Visual Studio Version 17
VisualStudioVersion = 17.14.36109.1
MinimumVisualStudioVersion = 10.0.40219.1
Project("{FAE04EC0-301F-11D3-BF4B-00C04F79EFBC}") = "actividad 1", "actividad 1\actividad 1.csproj", "{2C4448D9-9BF7-48CD-A215-E79A9D30848D}"
EndProject
Project("{FAE04EC0-301F-11D3-BF4B-00C04F79EFBC}") = "actividad2", "actividad2\actividad2.csproj", "{C925DDA9-40BD-4DFB-9A46-3FC4B3B3C711}"
EndProject
Project("{FAE04EC0-301F-11D3-BF4B-00C04F79EFBC}") = "actividad3", "actividad3\actividad3.csproj", "{90FBD63E-E311-47DF-ADB5-6C5513CFECD1}"
EndProject
Global
	GlobalSection(SolutionConfigurationPlatforms) = preSolution
		Debug|Any CPU = Debug|Any CPU
		Release|Any CPU = Release|Any CPU
	EndGlobalSection
	GlobalSection(ProjectConfigurationPlatforms) = postSolution
		{2C4448D9-9BF7-48CD-A215-E79A9D30848D}.Debug|Any CPU.ActiveCfg = Debug|Any CPU
		{2C4448D9-9BF7-48CD-A215-E79A9D30848D}.Debug|Any CPU.Build.0 = Debug|Any CPU
		{2C4448D9-9BF7-48CD-A215-E79A9D30848D}.Release|Any CPU.ActiveCfg = Release|Any CPU
		{2C4448D9-9BF7-48CD-A215-E79A9D30848D}.Release|Any CPU.Build.0 = Release|Any CPU
		{C925DDA9-40BD-4DFB-9A46-3FC4B3B3C711}.Debug|Any CPU.ActiveCfg = Debug|Any CPU
		{C925DDA9-40BD-4DFB-9A46-3FC4B3B3C711}.Debug|Any CPU.Build.0 = Debug|Any CPU
		{C925DDA9-40BD-4DFB-9A46-3FC4B3B3C711}.Release|Any CPU.ActiveCfg = Release|Any CPU
		{C925DDA9-40BD-4DFB-9A46-3FC4B3B3C711}.Release|Any CPU.Build.0 = Release|Any CPU
		{90FBD63E-E311-47DF-ADB5-6C5513CFECD1}.Debug|Any CPU.ActiveCfg = Debug|Any CPU
		{90FBD63E-E311-47DF-ADB5-6C5513CFECD1}.Debug|Any CPU.Build.0 = Debug|Any CPU
		{90FBD63E-E311-47DF-ADB5-6C5513CFECD1}.Release|Any CPU.ActiveCfg = Release|Any CPU
		{90FBD63E-E311-47DF-ADB5-6C5513CFECD1}.Release|Any CPU.Build.0 = Release|Any CPU
	EndGlobalSection
	GlobalSection(SolutionProperties) = preSolution
		HideSolutionNode = FALSE
	EndGlobalSection
	GlobalSection(ExtensibilityGlobals) = postSolution
		SolutionGuid = {A6FC4249-7B24-41F0-BE94-4DB9D1D4B824}
	EndGlobalSection
EndGlobal
